github.com/stianeikeland/go-rpio v1.0.0 h1:9a5DDConuUBSBR4mYsr9dV0uAxGypybCumg0KR2o3fc=
github.com/stianeikeland/go-rpio v4.2.0+incompatible h1:CUOlIxdJdT+H1obJPsmg8byu7jMSECLfAN9zynm5QGo=
github.com/stianeikeland/go-rpio/v4 v4.4.0 h1:LScvNyXHF412co42LG5t7bvBDbtDAhLF828ebaGqmjA=
github.com/stianeikeland/go-rpio/v4 v4.4.0/go.mod h1:BkK52zk+FRk8wCTDf88/86Sojc+NfUiCAHd1ZV3RuTM=
